// !$*UTF8*$!
{
	archiveVersion = 1;
	classes = {
	};
	objectVersion = 77;
	objects = {

/* Begin PBXBuildFile section */
		E6A80120305F556E00473E8B /* CoreML.framework in Frameworks */ = {isa = PBXBuildFile; fileRef = E6A8011F305F556E00473E8B /* CoreML.framework */; };
		E6A801B2305F96D200473E8B /* IOKit.framework in Frameworks */ = {isa = PBXBuildFile; fileRef = E6A800F6305F2FE000473E8B /* IOKit.framework */; };
		E6A80234305F9CC200473E8B /* IOSurface.framework in Frameworks */ = {isa = PBXBuildFile; fileRef = E6A800F5305F2FE000473E8B /* IOSurface.framework */; };
		E6A80236305F9CCE00473E8B /* VideoToolbox.framework in Frameworks */ = {isa = PBXBuildFile; fileRef = E6A80235305F9CCE00473E8B /* VideoToolbox.framework */; };
		E6A80238305F9CDC00473E8B /* ImageIO.framework in Frameworks */ = {isa = PBXBuildFile; fileRef = E6A80237305F9CDC00473E8B /* ImageIO.framework */; };
		E6A8023A305F9CE800473E8B /* CoreImage.framework in Frameworks */ = {isa = PBXBuildFile; fileRef = E6A80239305F9CE800473E8B /* CoreImage.framework */; };
		E6A80246305FAD3900473E8B /* libpthread.tbd in Frameworks */ = {isa = PBXBuildFile; fileRef = E6A80245305FAD3900473E8B /* libpthread.tbd */; };
/* End PBXBuildFile section */

/* Begin PBXBuildRule section */
		E6A8018A305F572000473E8B /* PBXBuildRule */ = {
			isa = PBXBuildRule;
			compilerSpec = com.apple.compilers.proxy.script;
			filePatterns = "*.mlmodel";
			fileType = pattern.proxy;
			inputFiles = (
			);
			isEditable = 1;
			outputFiles = (
			);
			script = "# coremlc\n";
		};
/* End PBXBuildRule section */

/* Begin PBXContainerItemProxy section */
		E6DAA28E305DD94500B0914F /* PBXContainerItemProxy */ = {
			isa = PBXContainerItemProxy;
			containerPortal = E6DAA278305DD93E00B0914F /* Project object */;
			proxyType = 1;
			remoteGlobalIDString = E6DAA27F305DD93E00B0914F;
			remoteInfo = Lum1na;
		};
		E6DAA298305DD94500B0914F /* PBXContainerItemProxy */ = {
			isa = PBXContainerItemProxy;
			containerPortal = E6DAA278305DD93E00B0914F /* Project object */;
			proxyType = 1;
			remoteGlobalIDString = E6DAA27F305DD93E00B0914F;
			remoteInfo = Lum1na;
		};
/* End PBXContainerItemProxy section */

/* Begin PBXFileReference section */
		E6A800F5305F2FE000473E8B /* IOSurface.framework */ = {isa = PBXFileReference; lastKnownFileType = wrapper.framework; name = IOSurface.framework; path = System/Library/Frameworks/IOSurface.framework; sourceTree = SDKROOT; };
		E6A800F6305F2FE000473E8B /* IOKit.framework */ = {isa = PBXFileReference; lastKnownFileType = wrapper.framework; name = IOKit.framework; path = System/Library/Frameworks/IOKit.framework; sourceTree = SDKROOT; };
		E6A8011F305F556E00473E8B /* CoreML.framework */ = {isa = PBXFileReference; lastKnownFileType = wrapper.framework; name = CoreML.framework; path = System/Library/Frameworks/CoreML.framework; sourceTree = SDKROOT; };
		E6A80235305F9CCE00473E8B /* VideoToolbox.framework */ = {isa = PBXFileReference; lastKnownFileType = wrapper.framework; name = VideoToolbox.framework; path = System/Library/Frameworks/VideoToolbox.framework; sourceTree = SDKROOT; };
		E6A80237305F9CDC00473E8B /* ImageIO.framework */ = {isa = PBXFileReference; lastKnownFileType = wrapper.framework; name = ImageIO.framework; path = System/Library/Frameworks/ImageIO.framework; sourceTree = SDKROOT; };
		E6A80239305F9CE800473E8B /* CoreImage.framework */ = {isa = PBXFileReference; lastKnownFileType = wrapper.framework; name = CoreImage.framework; path = System/Library/Frameworks/CoreImage.framework; sourceTree = SDKROOT; };
		E6A80245305FAD3900473E8B /* libpthread.tbd */ = {isa = PBXFileReference; lastKnownFileType = "sourcecode.text-based-dylib-definition"; name = libpthread.tbd; path = usr/lib/libpthread.tbd; sourceTree = SDKROOT; };
		E6DAA280305DD93E00B0914F /* Lum1na.app */ = {isa = PBXFileReference; explicitFileType = wrapper.application; includeInIndex = 0; path = Lum1na.app; sourceTree = BUILT_PRODUCTS_DIR; };
		E6DAA28D305DD94500B0914F /* Lum1naTests.xctest */ = {isa = PBXFileReference; explicitFileType = wrapper.cfbundle; includeInIndex = 0; path = Lum1naTests.xctest; sourceTree = BUILT_PRODUCTS_DIR; };
		E6DAA297305DD94500B0914F /* Lum1naUITests.xctest */ = {isa = PBXFileReference; explicitFileType = wrapper.cfbundle; includeInIndex = 0; path = Lum1naUITests.xctest; sourceTree = BUILT_PRODUCTS_DIR; };
/* End PBXFileReference section */

/* Begin PBXFileSystemSynchronizedBuildFileExceptionSet section */
		E6A800E3305F1B8200473E8B /* Exceptions for "Sources" folder in "Lum1na" target */ = {
			isa = PBXFileSystemSynchronizedBuildFileExceptionSet;
			membershipExceptions = (
				".github",
				".gitignore",
				"docs",
				"Exploit/ClearSword.m",
				"Exploit/KASLRLeak.m",
				"Exploit/Lum1naKRW.m",
				"Exploit/UPLLeak.m",
				"Lum1na.xcodeproj",
				"Lum1naTests",
				"Lum1naTests/Lum1naTests.swift",
				"README.md",
				"Tests",
				"UITests",
				"UITests/Lum1naUITests.swift",
			);
			target = E6DAA27F305DD93E00B0914F /* Lum1na */;
		};
/* End PBXFileSystemSynchronizedBuildFileExceptionSet section */

/* Begin PBXFileSystemSynchronizedRootGroup section */
		E6DAA282305DD93E00B0914F /* Sources */ = {
			isa = PBXFileSystemSynchronizedRootGroup;
			exceptions = (
				E6A800E3305F1B8200473E8B /* Exceptions for "Sources" folder in "Lum1na" target */,
			);
			path = .;
			sourceTree = "<group>";
		};
		E6DAA290305DD94500B0914F /* Lum1naTests */ = {
			isa = PBXFileSystemSynchronizedRootGroup;
			path = Lum1naTests;
			sourceTree = "<group>";
		};
		E6DAA29A305DD94500B0914F /* UITests */ = {
			isa = PBXFileSystemSynchronizedRootGroup;
			path = UITests;
			sourceTree = "<group>";
		};
/* End PBXFileSystemSynchronizedRootGroup section */

PLACEHOLDER_REST